
Microsoft Visual Studio Solution File, Format Version 12.00
# Visual Studio 15
VisualStudioVersion = 15.0.27703.2026
MinimumVisualStudioVersion = 10.0.40219.1
Project("{9A19103F-16F7-4668-BE54-9A1E7A4F7556}") = "WongaConsoleApp1", "WongaConsoleApp1\WongaConsoleApp1.csproj", "{586C5554-F09D-44DE-B05B-1AA5487A1081}"
EndProject
Project("{9A19103F-16F7-4668-BE54-9A1E7A4F7556}") = "WongaXUnitTestProject1", "WongaXUnitTestProject1\WongaXUnitTestProject1.csproj", "{D2ED3273-A359-4AD2-817B-3786E1765CE6}"
EndProject
Project("{FAE04EC0-301F-11D3-BF4B-00C04F79EFBC}") = "WongaConsoleApp2", "WongaConsoleApp2\WongaConsoleApp2.csproj", "{CD7C0960-925C-4EE5-8EF1-BCBB78D46372}"
EndProject
Global
	GlobalSection(SolutionConfigurationPlatforms) = preSolution
		Debug|Any CPU = Debug|Any CPU
		Release|Any CPU = Release|Any CPU
	EndGlobalSection
	GlobalSection(ProjectConfigurationPlatforms) = postSolution
		{586C5554-F09D-44DE-B05B-1AA5487A1081}.Debug|Any CPU.ActiveCfg = Debug|Any CPU
		{586C5554-F09D-44DE-B05B-1AA5487A1081}.Debug|Any CPU.Build.0 = Debug|Any CPU
		{586C5554-F09D-44DE-B05B-1AA5487A1081}.Release|Any CPU.ActiveCfg = Release|Any CPU
		{586C5554-F09D-44DE-B05B-1AA5487A1081}.Release|Any CPU.Build.0 = Release|Any CPU
		{D2ED3273-A359-4AD2-817B-3786E1765CE6}.Debug|Any CPU.ActiveCfg = Debug|Any CPU
		{D2ED3273-A359-4AD2-817B-3786E1765CE6}.Debug|Any CPU.Build.0 = Debug|Any CPU
		{D2ED3273-A359-4AD2-817B-3786E1765CE6}.Release|Any CPU.ActiveCfg = Release|Any CPU
		{D2ED3273-A359-4AD2-817B-3786E1765CE6}.Release|Any CPU.Build.0 = Release|Any CPU
		{CD7C0960-925C-4EE5-8EF1-BCBB78D46372}.Debug|Any CPU.ActiveCfg = Debug|Any CPU
		{CD7C0960-925C-4EE5-8EF1-BCBB78D46372}.Debug|Any CPU.Build.0 = Debug|Any CPU
		{CD7C0960-925C-4EE5-8EF1-BCBB78D46372}.Release|Any CPU.ActiveCfg = Release|Any CPU
		{CD7C0960-925C-4EE5-8EF1-BCBB78D46372}.Release|Any CPU.Build.0 = Release|Any CPU
	EndGlobalSection
	GlobalSection(SolutionProperties) = preSolution
		HideSolutionNode = FALSE
	EndGlobalSection
	GlobalSection(ExtensibilityGlobals) = postSolution
		SolutionGuid = {565F1024-C3B5-4673-9035-FBBCCB58F25B}
	EndGlobalSection
EndGlobal
