
Microsoft Visual Studio Solution File, Format Version 12.00
# Visual Studio 15
VisualStudioVersion = 15.0.27703.2026
MinimumVisualStudioVersion = 10.0.40219.1
Project("{FAE04EC0-301F-11D3-BF4B-00C04F79EFBC}") = "WongaConsoleApp1", "WongaConsoleApp1\WongaConsoleApp1.csproj", "{586C5554-F09D-44DE-B05B-1AA5487A1081}"
EndProject
Global
	GlobalSection(SolutionConfigurationPlatforms) = preSolution
		Debug|Any CPU = Debug|Any CPU
		Release|Any CPU = Release|Any CPU
	EndGlobalSection
	GlobalSection(ProjectConfigurationPlatforms) = postSolution
		{586C5554-F09D-44DE-B05B-1AA5487A1081}.Debug|Any CPU.ActiveCfg = Debug|Any CPU
		{586C5554-F09D-44DE-B05B-1AA5487A1081}.Debug|Any CPU.Build.0 = Debug|Any CPU
		{586C5554-F09D-44DE-B05B-1AA5487A1081}.Release|Any CPU.ActiveCfg = Release|Any CPU
		{586C5554-F09D-44DE-B05B-1AA5487A1081}.Release|Any CPU.Build.0 = Release|Any CPU
	EndGlobalSection
	GlobalSection(SolutionProperties) = preSolution
		HideSolutionNode = FALSE
	EndGlobalSection
	GlobalSection(ExtensibilityGlobals) = postSolution
		SolutionGuid = {565F1024-C3B5-4673-9035-FBBCCB58F25B}
	EndGlobalSection
EndGlobal
